{
  "name": "HDH",
  "lockfileVersion": 3,
  "requires": true,
  "packages": {
    "": {
      "dependencies": {
        "systeminformation": "^5.18.3"
      },
      "devDependencies": {
        "typescript": "^5.1.3"
      }
    },
    "node_modules/systeminformation": {
      "version": "5.18.3",
      "resolved": "https://registry.npmjs.org/systeminformation/-/systeminformation-5.18.3.tgz",
      "integrity": "sha512-k+gk7zSi0hI/m3Mgu1OzR8j9BfXMDYa2HUMBdEQZUVCVAO326kDrzrvtVMljiSoDs6T6ojI0AHneDn8AMa0Y6A==",
      "os": [
        "darwin",
        "linux",
        "win32",
        "freebsd",
        "openbsd",
        "netbsd",
        "sunos",
        "android"
      ],
      "bin": {
        "systeminformation": "lib/cli.js"
      },
      "engines": {
        "node": ">=8.0.0"
      },
      "funding": {
        "type": "Buy me a coffee",
        "url": "https://www.buymeacoffee.com/systeminfo"
      }
    },
    "node_modules/typescript": {
      "version": "5.1.3",
      "resolved": "https://registry.npmjs.org/typescript/-/typescript-5.1.3.tgz",
      "integrity": "sha512-XH627E9vkeqhlZFQuL+UsyAXEnibT0kWR2FWONlr4sTjvxyJYnyefgrkyECLzM5NenmKzRAy2rR/OlYLA1HkZw==",
      "dev": true,
      "bin": {
        "tsc": "bin/tsc",
        "tsserver": "bin/tsserver"
      },
      "engines": {
        "node": ">=14.17"
      }
    }
  }
}
